
Microsoft Visual Studio Solution File, Format Version 12.00
# Visual Studio Version 16
VisualStudioVersion = 16.0.30002.166
MinimumVisualStudioVersion = 10.0.40219.1
Project("{FAE04EC0-301F-11D3-BF4B-00C04F79EFBC}") = "EmployeeManagement.Models", "EmployeeManagement.Models\EmployeeManagement.Models.csproj", "{1F07CE45-472A-4155-BA53-2C19888C73CD}"
EndProject
Project("{FAE04EC0-301F-11D3-BF4B-00C04F79EFBC}") = "EmployeeManagement.Web", "EmployeeManagement.Web\EmployeeManagement.Web.csproj", "{BE231198-B244-4DF7-93D5-B5B127B6A4EF}"
EndProject
Global
	GlobalSection(SolutionConfigurationPlatforms) = preSolution
		Debug|Any CPU = Debug|Any CPU
		Release|Any CPU = Release|Any CPU
	EndGlobalSection
	GlobalSection(ProjectConfigurationPlatforms) = postSolution
		{1F07CE45-472A-4155-BA53-2C19888C73CD}.Debug|Any CPU.ActiveCfg = Debug|Any CPU
		{1F07CE45-472A-4155-BA53-2C19888C73CD}.Debug|Any CPU.Build.0 = Debug|Any CPU
		{1F07CE45-472A-4155-BA53-2C19888C73CD}.Release|Any CPU.ActiveCfg = Release|Any CPU
		{1F07CE45-472A-4155-BA53-2C19888C73CD}.Release|Any CPU.Build.0 = Release|Any CPU
		{BE231198-B244-4DF7-93D5-B5B127B6A4EF}.Debug|Any CPU.ActiveCfg = Debug|Any CPU
		{BE231198-B244-4DF7-93D5-B5B127B6A4EF}.Debug|Any CPU.Build.0 = Debug|Any CPU
		{BE231198-B244-4DF7-93D5-B5B127B6A4EF}.Release|Any CPU.ActiveCfg = Release|Any CPU
		{BE231198-B244-4DF7-93D5-B5B127B6A4EF}.Release|Any CPU.Build.0 = Release|Any CPU
	EndGlobalSection
	GlobalSection(SolutionProperties) = preSolution
		HideSolutionNode = FALSE
	EndGlobalSection
	GlobalSection(ExtensibilityGlobals) = postSolution
		SolutionGuid = {4EFCA2A1-C943-44B5-935A-4A09151E41BA}
	EndGlobalSection
EndGlobal
